
Microsoft Visual Studio Solution File, Format Version 12.00
# Visual Studio Version 16
VisualStudioVersion = 16.0.31321.278
MinimumVisualStudioVersion = 10.0.40219.1
Project("{FAE04EC0-301F-11D3-BF4B-00C04F79EFBC}") = "Calculator", "Calculator\Calculator.csproj", "{77172D11-6288-4E6D-8959-5C26DC14E782}"
EndProject
Project("{FAE04EC0-301F-11D3-BF4B-00C04F79EFBC}") = "Calculator.Tests", "Calculator.Tests\Calculator.Tests.csproj", "{2D023838-7F2C-471F-8CF0-F8B3CDC1E5A7}"
EndProject
Global
	GlobalSection(SolutionConfigurationPlatforms) = preSolution
		Debug|Any CPU = Debug|Any CPU
		Release|Any CPU = Release|Any CPU
	EndGlobalSection
	GlobalSection(ProjectConfigurationPlatforms) = postSolution
		{77172D11-6288-4E6D-8959-5C26DC14E782}.Debug|Any CPU.ActiveCfg = Debug|Any CPU
		{77172D11-6288-4E6D-8959-5C26DC14E782}.Debug|Any CPU.Build.0 = Debug|Any CPU
		{77172D11-6288-4E6D-8959-5C26DC14E782}.Release|Any CPU.ActiveCfg = Release|Any CPU
		{77172D11-6288-4E6D-8959-5C26DC14E782}.Release|Any CPU.Build.0 = Release|Any CPU
		{2D023838-7F2C-471F-8CF0-F8B3CDC1E5A7}.Debug|Any CPU.ActiveCfg = Debug|Any CPU
		{2D023838-7F2C-471F-8CF0-F8B3CDC1E5A7}.Debug|Any CPU.Build.0 = Debug|Any CPU
		{2D023838-7F2C-471F-8CF0-F8B3CDC1E5A7}.Release|Any CPU.ActiveCfg = Release|Any CPU
		{2D023838-7F2C-471F-8CF0-F8B3CDC1E5A7}.Release|Any CPU.Build.0 = Release|Any CPU
	EndGlobalSection
	GlobalSection(SolutionProperties) = preSolution
		HideSolutionNode = FALSE
	EndGlobalSection
	GlobalSection(ExtensibilityGlobals) = postSolution
		SolutionGuid = {65F31EDD-C288-4718-89E4-97C0F6C9A1A0}
	EndGlobalSection
EndGlobal
